
Microsoft Visual Studio Solution File, Format Version 12.00
# Visual Studio Version 17
VisualStudioVersion = 17.13.35931.197 d17.13
MinimumVisualStudioVersion = 10.0.40219.1
Project("{FAE04EC0-301F-11D3-BF4B-00C04F79EFBC}") = "POS", "POS.csproj", "{C9881D69-EEF8-47EC-9065-063BAE0757FB}"
EndProject
Global
	GlobalSection(SolutionConfigurationPlatforms) = preSolution
		Debug|Any CPU = Debug|Any CPU
		Release|Any CPU = Release|Any CPU
	EndGlobalSection
	GlobalSection(ProjectConfigurationPlatforms) = postSolution
		{C9881D69-EEF8-47EC-9065-063BAE0757FB}.Debug|Any CPU.ActiveCfg = Debug|Any CPU
		{C9881D69-EEF8-47EC-9065-063BAE0757FB}.Debug|Any CPU.Build.0 = Debug|Any CPU
		{C9881D69-EEF8-47EC-9065-063BAE0757FB}.Release|Any CPU.ActiveCfg = Release|Any CPU
		{C9881D69-EEF8-47EC-9065-063BAE0757FB}.Release|Any CPU.Build.0 = Release|Any CPU
	EndGlobalSection
	GlobalSection(SolutionProperties) = preSolution
		HideSolutionNode = FALSE
	EndGlobalSection
	GlobalSection(ExtensibilityGlobals) = postSolution
		SolutionGuid = {72A60967-C894-45AC-8E0E-5AB98C09F857}
	EndGlobalSection
EndGlobal
